<Solution>
  <Folder Name="/src/">
    <Project Path="src/LocalSync.Core/LocalSync.Core.csproj" />
    <Project Path="src/LocalSync.Infrastructure/LocalSync.Infrastructure.csproj" />
    <Project Path="src/LocalSync.Api/LocalSync.Api.csproj" />
  </Folder>
  <Folder Name="/tests/">
    <Project Path="tests/LocalSync.Core.Tests/LocalSync.Core.Tests.csproj" />
  </Folder>
</Solution>
